
Microsoft Visual Studio Solution File, Format Version 12.00
# Visual Studio Version 16
VisualStudioVersion = 16.0.30611.23
MinimumVisualStudioVersion = 10.0.40219.1
Project("{FAE04EC0-301F-11D3-BF4B-00C04F79EFBC}") = "Projet_Ruyaga", "Projet_Ruyaga\Projet_Ruyaga.csproj", "{1CA99CB5-7EB5-477B-B926-FC896EE6E410}"
EndProject
Global
	GlobalSection(SolutionConfigurationPlatforms) = preSolution
		Debug|Any CPU = Debug|Any CPU
		Release|Any CPU = Release|Any CPU
	EndGlobalSection
	GlobalSection(ProjectConfigurationPlatforms) = postSolution
		{1CA99CB5-7EB5-477B-B926-FC896EE6E410}.Debug|Any CPU.ActiveCfg = Debug|Any CPU
		{1CA99CB5-7EB5-477B-B926-FC896EE6E410}.Debug|Any CPU.Build.0 = Debug|Any CPU
		{1CA99CB5-7EB5-477B-B926-FC896EE6E410}.Release|Any CPU.ActiveCfg = Release|Any CPU
		{1CA99CB5-7EB5-477B-B926-FC896EE6E410}.Release|Any CPU.Build.0 = Release|Any CPU
	EndGlobalSection
	GlobalSection(SolutionProperties) = preSolution
		HideSolutionNode = FALSE
	EndGlobalSection
	GlobalSection(ExtensibilityGlobals) = postSolution
		SolutionGuid = {8EFCEF5E-EC50-4230-86DE-69C7DDEBD0DE}
	EndGlobalSection
EndGlobal
